
Microsoft Visual Studio Solution File, Format Version 12.00
# Visual Studio Version 17
VisualStudioVersion = 17.3.32929.385
MinimumVisualStudioVersion = 10.0.40219.1
Project("{FAE04EC0-301F-11D3-BF4B-00C04F79EFBC}") = "AirportMaintenanceSystemProject", "AirportMaintenanceSystemProject\AirportMaintenanceSystemProject.csproj", "{0686CF7F-EFAE-4C5F-B0C4-64073873BCB9}"
EndProject
Global
	GlobalSection(SolutionConfigurationPlatforms) = preSolution
		Debug|Any CPU = Debug|Any CPU
		Release|Any CPU = Release|Any CPU
	EndGlobalSection
	GlobalSection(ProjectConfigurationPlatforms) = postSolution
		{0686CF7F-EFAE-4C5F-B0C4-64073873BCB9}.Debug|Any CPU.ActiveCfg = Debug|Any CPU
		{0686CF7F-EFAE-4C5F-B0C4-64073873BCB9}.Debug|Any CPU.Build.0 = Debug|Any CPU
		{0686CF7F-EFAE-4C5F-B0C4-64073873BCB9}.Release|Any CPU.ActiveCfg = Release|Any CPU
		{0686CF7F-EFAE-4C5F-B0C4-64073873BCB9}.Release|Any CPU.Build.0 = Release|Any CPU
	EndGlobalSection
	GlobalSection(SolutionProperties) = preSolution
		HideSolutionNode = FALSE
	EndGlobalSection
	GlobalSection(ExtensibilityGlobals) = postSolution
		SolutionGuid = {3DB3BF93-7569-4924-945E-188D0DF55037}
	EndGlobalSection
EndGlobal
